
Microsoft Visual Studio Solution File, Format Version 12.00
# Visual Studio Version 16
VisualStudioVersion = 16.0.29306.81
MinimumVisualStudioVersion = 10.0.40219.1
Project("{FAE04EC0-301F-11D3-BF4B-00C04F79EFBC}") = "QuanLyQuanCafe", "QuanLyQuanCafe\QuanLyQuanCafe.csproj", "{D2BE615E-9D86-47B1-8F79-EA5B87A60B37}"
EndProject
Global
	GlobalSection(SolutionConfigurationPlatforms) = preSolution
		Debug|Any CPU = Debug|Any CPU
		Release|Any CPU = Release|Any CPU
	EndGlobalSection
	GlobalSection(ProjectConfigurationPlatforms) = postSolution
		{D2BE615E-9D86-47B1-8F79-EA5B87A60B37}.Debug|Any CPU.ActiveCfg = Debug|Any CPU
		{D2BE615E-9D86-47B1-8F79-EA5B87A60B37}.Debug|Any CPU.Build.0 = Debug|Any CPU
		{D2BE615E-9D86-47B1-8F79-EA5B87A60B37}.Release|Any CPU.ActiveCfg = Release|Any CPU
		{D2BE615E-9D86-47B1-8F79-EA5B87A60B37}.Release|Any CPU.Build.0 = Release|Any CPU
	EndGlobalSection
	GlobalSection(SolutionProperties) = preSolution
		HideSolutionNode = FALSE
	EndGlobalSection
	GlobalSection(ExtensibilityGlobals) = postSolution
		SolutionGuid = {5AA4A616-6CCE-45C3-9598-2D2492B69143}
	EndGlobalSection
EndGlobal
